
Microsoft Visual Studio Solution File, Format Version 12.00
# Visual Studio Version 16
VisualStudioVersion = 16.0.31515.178
MinimumVisualStudioVersion = 10.0.40219.1
Project("{FAE04EC0-301F-11D3-BF4B-00C04F79EFBC}") = "MyBigProject", "MyBigProject\MyBigProject.csproj", "{2E548BD5-710F-436A-BF8E-5B348A08AF93}"
EndProject
Global
	GlobalSection(SolutionConfigurationPlatforms) = preSolution
		Debug|Any CPU = Debug|Any CPU
		Release|Any CPU = Release|Any CPU
	EndGlobalSection
	GlobalSection(ProjectConfigurationPlatforms) = postSolution
		{2E548BD5-710F-436A-BF8E-5B348A08AF93}.Debug|Any CPU.ActiveCfg = Debug|Any CPU
		{2E548BD5-710F-436A-BF8E-5B348A08AF93}.Debug|Any CPU.Build.0 = Debug|Any CPU
		{2E548BD5-710F-436A-BF8E-5B348A08AF93}.Release|Any CPU.ActiveCfg = Release|Any CPU
		{2E548BD5-710F-436A-BF8E-5B348A08AF93}.Release|Any CPU.Build.0 = Release|Any CPU
	EndGlobalSection
	GlobalSection(SolutionProperties) = preSolution
		HideSolutionNode = FALSE
	EndGlobalSection
	GlobalSection(ExtensibilityGlobals) = postSolution
		SolutionGuid = {B313E01B-4631-4620-975E-446F20E88F56}
	EndGlobalSection
EndGlobal
